<?xml version="1.0" encoding="utf-8"?>
<Project ToolsVersion="4.0" xmlns="http://schemas.microsoft.com/developer/msbuild/2003">
  <ItemGroup>
    <Filter Include="Исходные файлы">
      <UniqueIdentifier>{4FC737F1-C7A5-4376-A066-2A32D752A2FF}</UniqueIdentifier>
      <Extensions>cpp;c;cc;cxx;c++;cppm;ixx;def;odl;idl;hpj;bat;asm;asmx</Extensions>
    </Filter>
    <Filter Include="Файлы заголовков">
      <UniqueIdentifier>{93995380-89BD-4b04-88EB-625FBE52EBFB}</UniqueIdentifier>
      <Extensions>h;hh;hpp;hxx;h++;hm;inl;inc;ipp;xsd</Extensions>
    </Filter>
    <Filter Include="Файлы ресурсов">
      <UniqueIdentifier>{67DA6AB6-F800-4c08-8B7A-83BB121AAD01}</UniqueIdentifier>
      <Extensions>rc;ico;cur;bmp;dlg;rc2;rct;bin;rgs;gif;jpg;jpeg;jpe;resx;tiff;tif;png;wav;mfcribbon-ms</Extensions>
    </Filter>
    <Filter Include="Файлы заголовков\structures">
      <UniqueIdentifier>{f8db39d4-0327-411c-8711-bf8b852a2b40}</UniqueIdentifier>
    </Filter>
    <Filter Include="Файлы заголовков\metrics">
      <UniqueIdentifier>{32891466-da67-4d48-b986-0cfdb87a466c}</UniqueIdentifier>
    </Filter>
    <Filter Include="Исходные файлы\benchmarks">
      <UniqueIdentifier>{24d27593-dc7e-4c24-8434-d733fc17f8d4}</UniqueIdentifier>
    </Filter>
    <Filter Include="Исходные файлы\benchmarks\metrics">
      <UniqueIdentifier>{f4be6140-7458-43d0-af53-752abfb9a5f4}</UniqueIdentifier>
    </Filter>
    <Filter Include="Исходные файлы\benchmarks\algorithms">
      <UniqueIdentifier>{4b45aaa0-edfa-4151-822c-ea5c3a5b6f98}</UniqueIdentifier>
    </Filter>
    <Filter Include="Файлы заголовков\algorithms">
      <UniqueIdentifier>{503983d5-84e4-4c7a-8207-50fe9a55ef96}</UniqueIdentifier>
    </Filter>
  </ItemGroup>
  <ItemGroup>
    <ClCompile Include="main.cpp">
      <Filter>Исходные файлы</Filter>
    </ClCompile>
    <ClCompile Include="bench_structures.cpp">
      <Filter>Исходные файлы\benchmarks</Filter>
    </ClCompile>
    <ClCompile Include="bench_aos.cpp">
      <Filter>Исходные файлы\benchmarks\metrics</Filter>
    </ClCompile>
    <ClCompile Include="bench_aosoa.cpp">
      <Filter>Исходные файлы\benchmarks\metrics</Filter>
    </ClCompile>
    <ClCompile Include="bench_soa.cpp">
      <Filter>Исходные файлы\benchmarks\metrics</Filter>
    </ClCompile>
    <ClCompile Include="bench_radius_search_aos.cpp">
      <Filter>Исходные файлы\benchmarks\algorithms</Filter>
    </ClCompile>
    <ClCompile Include="bench_radius_search_aosoa.cpp">
      <Filter>Исходные файлы\benchmarks\algorithms</Filter>
    </ClCompile>
    <ClCompile Include="bench_radius_search_kdtree.cpp">
      <Filter>Исходные файлы\benchmarks\algorithms</Filter>
    </ClCompile>
    <ClCompile Include="bench_radius_search_kdtree_single.cpp">
      <Filter>Исходные файлы\benchmarks\algorithms</Filter>
    </ClCompile>
    <ClCompile Include="bench_radius_search_soa.cpp">
      <Filter>Исходные файлы\benchmarks\algorithms</Filter>
    </ClCompile>
    <ClCompile Include="bench_dbscan.cpp">
      <Filter>Исходные файлы\benchmarks\algorithms</Filter>
    </ClCompile>
    <ClCompile Include="bench_kmeans.cpp">
      <Filter>Исходные файлы\benchmarks\algorithms</Filter>
    </ClCompile>
  </ItemGroup>
  <ItemGroup>
    <ClInclude Include="DebugConfig.h">
      <Filter>Файлы заголовков</Filter>
    </ClInclude>
    <ClInclude Include="ml_coordinate.hpp">
      <Filter>Файлы заголовков\structures</Filter>
    </ClInclude>
    <ClInclude Include="dataset_aos.hpp">
      <Filter>Файлы заголовков\structures</Filter>
    </ClInclude>
    <ClInclude Include="dataset_aosoa.hpp">
      <Filter>Файлы заголовков\structures</Filter>
    </ClInclude>
    <ClInclude Include="dataset_soa.hpp">
      <Filter>Файлы заголовков\structures</Filter>
    </ClInclude>
    <ClInclude Include="metrics_aos.hpp">
      <Filter>Файлы заголовков\metrics</Filter>
    </ClInclude>
    <ClInclude Include="metrics_soa.hpp">
      <Filter>Файлы заголовков\metrics</Filter>
    </ClInclude>
    <ClInclude Include="metrics_aosoa.hpp">
      <Filter>Файлы заголовков\metrics</Filter>
    </ClInclude>
    <ClInclude Include="kd_tree_builder.hpp">
      <Filter>Исходные файлы</Filter>
    </ClInclude>
    <ClInclude Include="kd_tree_flat.hpp">
      <Filter>Файлы заголовков\structures</Filter>
    </ClInclude>
    <ClInclude Include="radius_search_aos.hpp">
      <Filter>Файлы заголовков\algorithms</Filter>
    </ClInclude>
    <ClInclude Include="radius_search_aosoa.hpp">
      <Filter>Файлы заголовков\algorithms</Filter>
    </ClInclude>
    <ClInclude Include="radius_search_kdtree.hpp">
      <Filter>Файлы заголовков\algorithms</Filter>
    </ClInclude>
    <ClInclude Include="radius_search_kdtree_single.hpp">
      <Filter>Файлы заголовков\algorithms</Filter>
    </ClInclude>
    <ClInclude Include="radius_search_soa.hpp">
      <Filter>Файлы заголовков\algorithms</Filter>
    </ClInclude>
    <ClInclude Include="dbscan.hpp">
      <Filter>Файлы заголовков\algorithms</Filter>
    </ClInclude>
    <ClInclude Include="kmeans.hpp">
      <Filter>Файлы заголовков\algorithms</Filter>
    </ClInclude>
  </ItemGroup>
</Project>