<Solution>
  <Configurations>
    <Platform Name="x64" />
    <Platform Name="x86" />
  </Configurations>
  <Folder Name="/Tests/">
    <Project Path="Tests/Metrics/Metrics.vcxproj" Id="cc9e1593-6554-4256-84b4-1ef68200c503" />
    <Project Path="Tests/Structures/Structures.vcxproj" Id="5d51b967-2f12-47a4-ac29-3b2a01523ecd" />
  </Folder>
  <Project Path="AppFastClusterCPP/AppFastClusterCPP.vcxproj" Id="e2def138-7476-4215-8686-39cd517abd23" />
</Solution>
